Microsoft Visual Studio Solution File, Format Version 12.00
# Visual Studio Version 17
VisualStudioVersion = 17.5.2.0
MinimumVisualStudioVersion = 10.0.40219.1
Project("{FAE04EC0-301F-11D3-BF4B-00C04F79EFBC}") = "HiddenHorizons", "HiddenHorizons.csproj", "{17564E48-4128-CE4C-33CF-AA0871860FC2}"
EndProject
Global
	GlobalSection(SolutionConfigurationPlatforms) = preSolution
		Debug|Any CPU = Debug|Any CPU
		Release|Any CPU = Release|Any CPU
	EndGlobalSection
	GlobalSection(ProjectConfigurationPlatforms) = postSolution
		{17564E48-4128-CE4C-33CF-AA0871860FC2}.Debug|Any CPU.ActiveCfg = Debug|Any CPU
		{17564E48-4128-CE4C-33CF-AA0871860FC2}.Debug|Any CPU.Build.0 = Debug|Any CPU
		{17564E48-4128-CE4C-33CF-AA0871860FC2}.Release|Any CPU.ActiveCfg = Release|Any CPU
		{17564E48-4128-CE4C-33CF-AA0871860FC2}.Release|Any CPU.Build.0 = Release|Any CPU
	EndGlobalSection
	GlobalSection(SolutionProperties) = preSolution
		HideSolutionNode = FALSE
	EndGlobalSection
	GlobalSection(ExtensibilityGlobals) = postSolution
		SolutionGuid = {CBF49B21-77B2-4CE7-9039-20C21C89FB46}
	EndGlobalSection
EndGlobal
